
Microsoft Visual Studio Solution File, Format Version 12.00
# Visual Studio Version 17
VisualStudioVersion = 17.8.34525.116
MinimumVisualStudioVersion = 10.0.40219.1
Project("{FAE04EC0-301F-11D3-BF4B-00C04F79EFBC}") = "WebApplication1", "WebApplication1\WebApplication1.csproj", "{713F8EB3-4270-46CA-8214-877A65F3D9A3}"
EndProject
Project("{FAE04EC0-301F-11D3-BF4B-00C04F79EFBC}") = "ConsoleApp1", "ConsoleApp1\ConsoleApp1.csproj", "{465427B2-FC83-4868-9E00-49F4F29A6A05}"
EndProject
Global
	GlobalSection(SolutionConfigurationPlatforms) = preSolution
		Debug|Any CPU = Debug|Any CPU
		Release|Any CPU = Release|Any CPU
	EndGlobalSection
	GlobalSection(ProjectConfigurationPlatforms) = postSolution
		{713F8EB3-4270-46CA-8214-877A65F3D9A3}.Debug|Any CPU.ActiveCfg = Debug|Any CPU
		{713F8EB3-4270-46CA-8214-877A65F3D9A3}.Debug|Any CPU.Build.0 = Debug|Any CPU
		{713F8EB3-4270-46CA-8214-877A65F3D9A3}.Release|Any CPU.ActiveCfg = Release|Any CPU
		{713F8EB3-4270-46CA-8214-877A65F3D9A3}.Release|Any CPU.Build.0 = Release|Any CPU
		{465427B2-FC83-4868-9E00-49F4F29A6A05}.Debug|Any CPU.ActiveCfg = Debug|Any CPU
		{465427B2-FC83-4868-9E00-49F4F29A6A05}.Debug|Any CPU.Build.0 = Debug|Any CPU
		{465427B2-FC83-4868-9E00-49F4F29A6A05}.Release|Any CPU.ActiveCfg = Release|Any CPU
		{465427B2-FC83-4868-9E00-49F4F29A6A05}.Release|Any CPU.Build.0 = Release|Any CPU
	EndGlobalSection
	GlobalSection(SolutionProperties) = preSolution
		HideSolutionNode = FALSE
	EndGlobalSection
	GlobalSection(ExtensibilityGlobals) = postSolution
		SolutionGuid = {E0FF6EC5-398F-420F-B1AE-6F7C3C9BCEA1}
	EndGlobalSection
EndGlobal
